// !$*UTF8*$!
{
	archiveVersion = 1;
	classes = {
	};
	objectVersion = 50;
	objects = {

/* Begin PBXBuildFile section */
		C027485522E3F8BF0037CC22 /* AppDelegate.swift in Sources */ = {isa = PBXBuildFile; fileRef = C027485422E3F8BF0037CC22 /* AppDelegate.swift */; };
		C027485722E3F8BF0037CC22 /* ViewController.swift in Sources */ = {isa = PBXBuildFile; fileRef = C027485622E3F8BF0037CC22 /* ViewController.swift */; };
		C027485A22E3F8BF0037CC22 /* Main.storyboard in Resources */ = {isa = PBXBuildFile; fileRef = C027485822E3F8BF0037CC22 /* Main.storyboard */; };
		C027485C22E3F8F80037CC22 /* Assets.xcassets in Resources */ = {isa = PBXBuildFile; fileRef = C027485B22E3F8F80037CC22 /* Assets.xcassets */; };
		C027485F22E3F8F80037CC22 /* LaunchScreen.storyboard in Resources */ = {isa = PBXBuildFile; fileRef = C027485D22E3F8F80037CC22 /* LaunchScreen.storyboard */; };
		C027486922E3FA030037CC22 /* Calendar.swift in Sources */ = {isa = PBXBuildFile; fileRef = C027486822E3FA030037CC22 /* Calendar.swift */; };
		C027486B22E3FD180037CC22 /* Reminders.swift in Sources */ = {isa = PBXBuildFile; fileRef = C027486A22E3FD180037CC22 /* Reminders.swift */; };
		C027486D22E404650037CC22 /* CalendarProtocols.swift in Sources */ = {isa = PBXBuildFile; fileRef = C027486C22E404650037CC22 /* CalendarProtocols.swift */; };
		C027486F22E405740037CC22 /* RemindersCalendarDataSource.swift in Sources */ = {isa = PBXBuildFile; fileRef = C027486E22E405740037CC22 /* RemindersCalendarDataSource.swift */; };
		C027487122E407170037CC22 /* RemindersCalendarDelegate.swift in Sources */ = {isa = PBXBuildFile; fileRef = C027487022E407170037CC22 /* RemindersCalendarDelegate.swift */; };
/* End PBXBuildFile section */

/* Begin PBXFileReference section */
		C027485122E3F8BF0037CC22 /* Delegation.app */ = {isa = PBXFileReference; explicitFileType = wrapper.application; includeInIndex = 0; path = Delegation.app; sourceTree = BUILT_PRODUCTS_DIR; };
		C027485422E3F8BF0037CC22 /* AppDelegate.swift */ = {isa = PBXFileReference; lastKnownFileType = sourcecode.swift; path = AppDelegate.swift; sourceTree = "<group>"; };
		C027485622E3F8BF0037CC22 /* ViewController.swift */ = {isa = PBXFileReference; lastKnownFileType = sourcecode.swift; path = ViewController.swift; sourceTree = "<group>"; };
		C027485922E3F8BF0037CC22 /* Base */ = {isa = PBXFileReference; lastKnownFileType = file.storyboard; name = Base; path = Base.lproj/Main.storyboard; sourceTree = "<group>"; };
		C027485B22E3F8F80037CC22 /* Assets.xcassets */ = {isa = PBXFileReference; lastKnownFileType = folder.assetcatalog; path = Assets.xcassets; sourceTree = "<group>"; };
		C027485E22E3F8F80037CC22 /* Base */ = {isa = PBXFileReference; lastKnownFileType = file.storyboard; name = Base; path = Base.lproj/LaunchScreen.storyboard; sourceTree = "<group>"; };
		C027486022E3F8F80037CC22 /* Info.plist */ = {isa = PBXFileReference; lastKnownFileType = text.plist.xml; path = Info.plist; sourceTree = "<group>"; };
		C027486822E3FA030037CC22 /* Calendar.swift */ = {isa = PBXFileReference; lastKnownFileType = sourcecode.swift; path = Calendar.swift; sourceTree = "<group>"; };
		C027486A22E3FD180037CC22 /* Reminders.swift */ = {isa = PBXFileReference; lastKnownFileType = sourcecode.swift; path = Reminders.swift; sourceTree = "<group>"; };
		C027486C22E404650037CC22 /* CalendarProtocols.swift */ = {isa = PBXFileReference; lastKnownFileType = sourcecode.swift; path = CalendarProtocols.swift; sourceTree = "<group>"; };
		C027486E22E405740037CC22 /* RemindersCalendarDataSource.swift */ = {isa = PBXFileReference; lastKnownFileType = sourcecode.swift; path = RemindersCalendarDataSource.swift; sourceTree = "<group>"; };
		C027487022E407170037CC22 /* RemindersCalendarDelegate.swift */ = {isa = PBXFileReference; lastKnownFileType = sourcecode.swift; path = RemindersCalendarDelegate.swift; sourceTree = "<group>"; };
/* End PBXFileReference section */

/* Begin PBXFrameworksBuildPhase section */
		C027484E22E3F8BF0037CC22 /* Frameworks */ = {
			isa = PBXFrameworksBuildPhase;
			buildActionMask = 2147483647;
			files = (
			);
			runOnlyForDeploymentPostprocessing = 0;
		};
/* End PBXFrameworksBuildPhase section */

/* Begin PBXGroup section */
		C027484822E3F8BF0037CC22 = {
			isa = PBXGroup;
			children = (
				C027485322E3F8BF0037CC22 /* Delegation */,
				C027485222E3F8BF0037CC22 /* Products */,
			);
			sourceTree = "<group>";
		};
		C027485222E3F8BF0037CC22 /* Products */ = {
			isa = PBXGroup;
			children = (
				C027485122E3F8BF0037CC22 /* Delegation.app */,
			);
			name = Products;
			sourceTree = "<group>";
		};
		C027485322E3F8BF0037CC22 /* Delegation */ = {
			isa = PBXGroup;
			children = (
				C027485422E3F8BF0037CC22 /* AppDelegate.swift */,
				C027485622E3F8BF0037CC22 /* ViewController.swift */,
				C027485822E3F8BF0037CC22 /* Main.storyboard */,
				C027485B22E3F8F80037CC22 /* Assets.xcassets */,
				C027485D22E3F8F80037CC22 /* LaunchScreen.storyboard */,
				C027486022E3F8F80037CC22 /* Info.plist */,
				C027486C22E404650037CC22 /* CalendarProtocols.swift */,
				C027486822E3FA030037CC22 /* Calendar.swift */,
				C027486A22E3FD180037CC22 /* Reminders.swift */,
				C027486E22E405740037CC22 /* RemindersCalendarDataSource.swift */,
				C027487022E407170037CC22 /* RemindersCalendarDelegate.swift */,
			);
			path = Delegation;
			sourceTree = "<group>";
		};
/* End PBXGroup section */

/* Begin PBXNativeTarget section */
		C027485022E3F8BF0037CC22 /* Delegation */ = {
			isa = PBXNativeTarget;
			buildConfigurationList = C027486322E3F8F80037CC22 /* Build configuration list for PBXNativeTarget "Delegation" */;
			buildPhases = (
				C027484D22E3F8BF0037CC22 /* Sources */,
				C027484E22E3F8BF0037CC22 /* Frameworks */,
				C027484F22E3F8BF0037CC22 /* Resources */,
			);
			buildRules = (
			);
			dependencies = (
			);
			name = Delegation;
			productName = Delegation;
			productReference = C027485122E3F8BF0037CC22 /* Delegation.app */;
			productType = "com.apple.product-type.application";
		};
/* End PBXNativeTarget section */

/* Begin PBXProject section */
		C027484922E3F8BF0037CC22 /* Project object */ = {
			isa = PBXProject;
			attributes = {
				LastSwiftUpdateCheck = 1020;
				LastUpgradeCheck = 1020;
				ORGANIZATIONNAME = "Álvaro Ávalos Hernández";
				TargetAttributes = {
					C027485022E3F8BF0037CC22 = {
						CreatedOnToolsVersion = 10.2.1;
					};
				};
			};
			buildConfigurationList = C027484C22E3F8BF0037CC22 /* Build configuration list for PBXProject "Delegation" */;
			compatibilityVersion = "Xcode 9.3";
			developmentRegion = en;
			hasScannedForEncodings = 0;
			knownRegions = (
				en,
				Base,
			);
			mainGroup = C027484822E3F8BF0037CC22;
			productRefGroup = C027485222E3F8BF0037CC22 /* Products */;
			projectDirPath = "";
			projectRoot = "";
			targets = (
				C027485022E3F8BF0037CC22 /* Delegation */,
			);
		};
/* End PBXProject section */

/* Begin PBXResourcesBuildPhase section */
		C027484F22E3F8BF0037CC22 /* Resources */ = {
			isa = PBXResourcesBuildPhase;
			buildActionMask = 2147483647;
			files = (
				C027485F22E3F8F80037CC22 /* LaunchScreen.storyboard in Resources */,
				C027485C22E3F8F80037CC22 /* Assets.xcassets in Resources */,
				C027485A22E3F8BF0037CC22 /* Main.storyboard in Resources */,
			);
			runOnlyForDeploymentPostprocessing = 0;
		};
/* End PBXResourcesBuildPhase section */

/* Begin PBXSourcesBuildPhase section */
		C027484D22E3F8BF0037CC22 /* Sources */ = {
			isa = PBXSourcesBuildPhase;
			buildActionMask = 2147483647;
			files = (
				C027486B22E3FD180037CC22 /* Reminders.swift in Sources */,
				C027485722E3F8BF0037CC22 /* ViewController.swift in Sources */,
				C027487122E407170037CC22 /* RemindersCalendarDelegate.swift in Sources */,
				C027486D22E404650037CC22 /* CalendarProtocols.swift in Sources */,
				C027485522E3F8BF0037CC22 /* AppDelegate.swift in Sources */,
				C027486F22E405740037CC22 /* RemindersCalendarDataSource.swift in Sources */,
				C027486922E3FA030037CC22 /* Calendar.swift in Sources */,
			);
			runOnlyForDeploymentPostprocessing = 0;
		};
/* End PBXSourcesBuildPhase section */

/* Begin PBXVariantGroup section */
		C027485822E3F8BF0037CC22 /* Main.storyboard */ = {
			isa = PBXVariantGroup;
			children = (
				C027485922E3F8BF0037CC22 /* Base */,
			);
			name = Main.storyboard;
			sourceTree = "<group>";
		};
		C027485D22E3F8F80037CC22 /* LaunchScreen.storyboard */ = {
			isa = PBXVariantGroup;
			children = (
				C027485E22E3F8F80037CC22 /* Base */,
			);
			name = LaunchScreen.storyboard;
			sourceTree = "<group>";
		};
/* End PBXVariantGroup section */

/* Begin XCBuildConfiguration section */
		C027486122E3F8F80037CC22 /* Debug */ = {
			isa = XCBuildConfiguration;
			buildSettings = {
				ALWAYS_SEARCH_USER_PATHS = NO;
				CLANG_ANALYZER_NONNULL = YES;
				CLANG_ANALYZER_NUMBER_OBJECT_CONVERSION = YES_AGGRESSIVE;
				CLANG_CXX_LANGUAGE_STANDARD = "gnu++14";
				CLANG_CXX_LIBRARY = "libc++";
				CLANG_ENABLE_MODULES = YES;
				CLANG_ENABLE_OBJC_ARC = YES;
				CLANG_ENABLE_OBJC_WEAK = YES;
				CLANG_WARN_BLOCK_CAPTURE_AUTORELEASING = YES;
				CLANG_WARN_BOOL_CONVERSION = YES;
				CLANG_WARN_COMMA = YES;
				CLANG_WARN_CONSTANT_CONVERSION = YES;
				CLANG_WARN_DEPRECATED_OBJC_IMPLEMENTATIONS = YES;
				CLANG_WARN_DIRECT_OBJC_ISA_USAGE = YES_ERROR;
				CLANG_WARN_DOCUMENTATION_COMMENTS = YES;
				CLANG_WARN_EMPTY_BODY = YES;
				CLANG_WARN_ENUM_CONVERSION = YES;
				CLANG_WARN_INFINITE_RECURSION = YES;
				CLANG_WARN_INT_CONVERSION = YES;
				CLANG_WARN_NON_LITERAL_NULL_CONVERSION = YES;
				CLANG_WARN_OBJC_IMPLICIT_RETAIN_SELF = YES;
				CLANG_WARN_OBJC_LITERAL_CONVERSION = YES;
				CLANG_WARN_OBJC_ROOT_CLASS = YES_ERROR;
				CLANG_WARN_RANGE_LOOP_ANALYSIS = YES;
				CLANG_WARN_STRICT_PROTOTYPES = YES;
				CLANG_WARN_SUSPICIOUS_MOVE = YES;
				CLANG_WARN_UNGUARDED_AVAILABILITY = YES_AGGRESSIVE;
				CLANG_WARN_UNREACHABLE_CODE = YES;
				CLANG_WARN__DUPLICATE_METHOD_MATCH = YES;
				CODE_SIGN_IDENTITY = "iPhone Developer";
				COPY_PHASE_STRIP = NO;
				DEBUG_INFORMATION_FORMAT = dwarf;
				ENABLE_STRICT_OBJC_MSGSEND = YES;
				ENABLE_TESTABILITY = YES;
				GCC_C_LANGUAGE_STANDARD = gnu11;
				GCC_DYNAMIC_NO_PIC = NO;
				GCC_NO_COMMON_BLOCKS = YES;
				GCC_OPTIMIZATION_LEVEL = 0;
				GCC_PREPROCESSOR_DEFINITIONS = (
					"DEBUG=1",
					"$(inherited)",
				);
				GCC_WARN_64_TO_32_BIT_CONVERSION = YES;
				GCC_WARN_ABOUT_RETURN_TYPE = YES_ERROR;
				GCC_WARN_UNDECLARED_SELECTOR = YES;
				GCC_WARN_UNINITIALIZED_AUTOS = YES_AGGRESSIVE;
				GCC_WARN_UNUSED_FUNCTION = YES;
				GCC_WARN_UNUSED_VARIABLE = YES;
				IPHONEOS_DEPLOYMENT_TARGET = 12.2;
				MTL_ENABLE_DEBUG_INFO = INCLUDE_SOURCE;
				MTL_FAST_MATH = YES;
				ONLY_ACTIVE_ARCH = YES;
				SDKROOT = iphoneos;
				SWIFT_ACTIVE_COMPILATION_CONDITIONS = DEBUG;
				SWIFT_OPTIMIZATION_LEVEL = "-Onone";
			};
			name = Debug;
		};
		C027486222E3F8F80037CC22 /* Release */ = {
			isa = XCBuildConfiguration;
			buildSettings = {
				ALWAYS_SEARCH_USER_PATHS = NO;
				CLANG_ANALYZER_NONNULL = YES;
				CLANG_ANALYZER_NUMBER_OBJECT_CONVERSION = YES_AGGRESSIVE;
				CLANG_CXX_LANGUAGE_STANDARD = "gnu++14";
				CLANG_CXX_LIBRARY = "libc++";
				CLANG_ENABLE_MODULES = YES;
				CLANG_ENABLE_OBJC_ARC = YES;
				CLANG_ENABLE_OBJC_WEAK = YES;
				CLANG_WARN_BLOCK_CAPTURE_AUTORELEASING = YES;
				CLANG_WARN_BOOL_CONVERSION = YES;
				CLANG_WARN_COMMA = YES;
				CLANG_WARN_CONSTANT_CONVERSION = YES;
				CLANG_WARN_DEPRECATED_OBJC_IMPLEMENTATIONS = YES;
				CLANG_WARN_DIRECT_OBJC_ISA_USAGE = YES_ERROR;
				CLANG_WARN_DOCUMENTATION_COMMENTS = YES;
				CLANG_WARN_EMPTY_BODY = YES;
				CLANG_WARN_ENUM_CONVERSION = YES;
				CLANG_WARN_INFINITE_RECURSION = YES;
				CLANG_WARN_INT_CONVERSION = YES;
				CLANG_WARN_NON_LITERAL_NULL_CONVERSION = YES;
				CLANG_WARN_OBJC_IMPLICIT_RETAIN_SELF = YES;
				CLANG_WARN_OBJC_LITERAL_CONVERSION = YES;
				CLANG_WARN_OBJC_ROOT_CLASS = YES_ERROR;
				CLANG_WARN_RANGE_LOOP_ANALYSIS = YES;
				CLANG_WARN_STRICT_PROTOTYPES = YES;
				CLANG_WARN_SUSPICIOUS_MOVE = YES;
				CLANG_WARN_UNGUARDED_AVAILABILITY = YES_AGGRESSIVE;
				CLANG_WARN_UNREACHABLE_CODE = YES;
				CLANG_WARN__DUPLICATE_METHOD_MATCH = YES;
				CODE_SIGN_IDENTITY = "iPhone Developer";
				COPY_PHASE_STRIP = NO;
				DEBUG_INFORMATION_FORMAT = "dwarf-with-dsym";
				ENABLE_NS_ASSERTIONS = NO;
				ENABLE_STRICT_OBJC_MSGSEND = YES;
				GCC_C_LANGUAGE_STANDARD = gnu11;
				GCC_NO_COMMON_BLOCKS = YES;
				GCC_WARN_64_TO_32_BIT_CONVERSION = YES;
				GCC_WARN_ABOUT_RETURN_TYPE = YES_ERROR;
				GCC_WARN_UNDECLARED_SELECTOR = YES;
				GCC_WARN_UNINITIALIZED_AUTOS = YES_AGGRESSIVE;
				GCC_WARN_UNUSED_FUNCTION = YES;
				GCC_WARN_UNUSED_VARIABLE = YES;
				IPHONEOS_DEPLOYMENT_TARGET = 12.2;
				MTL_ENABLE_DEBUG_INFO = NO;
				MTL_FAST_MATH = YES;
				SDKROOT = iphoneos;
				SWIFT_COMPILATION_MODE = wholemodule;
				SWIFT_OPTIMIZATION_LEVEL = "-O";
				VALIDATE_PRODUCT = YES;
			};
			name = Release;
		};
		C027486422E3F8F80037CC22 /* Debug */ = {
			isa = XCBuildConfiguration;
			buildSettings = {
				ASSETCATALOG_COMPILER_APPICON_NAME = AppIcon;
				CODE_SIGN_STYLE = Automatic;
				DEVELOPMENT_TEAM = 74Y36QZ2V7;
				INFOPLIST_FILE = Delegation/Info.plist;
				LD_RUNPATH_SEARCH_PATHS = (
					"$(inherited)",
					"@executable_path/Frameworks",
				);
				PRODUCT_BUNDLE_IDENTIFIER = avalosha.Delegation;
				PRODUCT_NAME = "$(TARGET_NAME)";
				SWIFT_VERSION = 5.0;
				TARGETED_DEVICE_FAMILY = "1,2";
			};
			name = Debug;
		};
		C027486522E3F8F80037CC22 /* Release */ = {
			isa = XCBuildConfiguration;
			buildSettings = {
				ASSETCATALOG_COMPILER_APPICON_NAME = AppIcon;
				CODE_SIGN_STYLE = Automatic;
				DEVELOPMENT_TEAM = 74Y36QZ2V7;
				INFOPLIST_FILE = Delegation/Info.plist;
				LD_RUNPATH_SEARCH_PATHS = (
					"$(inherited)",
					"@executable_path/Frameworks",
				);
				PRODUCT_BUNDLE_IDENTIFIER = avalosha.Delegation;
				PRODUCT_NAME = "$(TARGET_NAME)";
				SWIFT_VERSION = 5.0;
				TARGETED_DEVICE_FAMILY = "1,2";
			};
			name = Release;
		};
/* End XCBuildConfiguration section */

/* Begin XCConfigurationList section */
		C027484C22E3F8BF0037CC22 /* Build configuration list for PBXProject "Delegation" */ = {
			isa = XCConfigurationList;
			buildConfigurations = (
				C027486122E3F8F80037CC22 /* Debug */,
				C027486222E3F8F80037CC22 /* Release */,
			);
			defaultConfigurationIsVisible = 0;
			defaultConfigurationName = Release;
		};
		C027486322E3F8F80037CC22 /* Build configuration list for PBXNativeTarget "Delegation" */ = {
			isa = XCConfigurationList;
			buildConfigurations = (
				C027486422E3F8F80037CC22 /* Debug */,
				C027486522E3F8F80037CC22 /* Release */,
			);
			defaultConfigurationIsVisible = 0;
			defaultConfigurationName = Release;
		};
/* End XCConfigurationList section */
	};
	rootObject = C027484922E3F8BF0037CC22 /* Project object */;
}
